
Microsoft Visual Studio Solution File, Format Version 12.00
# Visual Studio Version 17
VisualStudioVersion = 17.13.35919.96 d17.13
MinimumVisualStudioVersion = 10.0.40219.1
Project("{FAE04EC0-301F-11D3-BF4B-00C04F79EFBC}") = "WSBInvestmentPredictor", "WSBInvestmentPredictor.csproj", "{FF5F31D8-80A6-4604-ABED-984CFC82BE6F}"
EndProject
Global
	GlobalSection(SolutionConfigurationPlatforms) = preSolution
		Debug|Any CPU = Debug|Any CPU
		Release|Any CPU = Release|Any CPU
	EndGlobalSection
	GlobalSection(ProjectConfigurationPlatforms) = postSolution
		{FF5F31D8-80A6-4604-ABED-984CFC82BE6F}.Debug|Any CPU.ActiveCfg = Debug|Any CPU
		{FF5F31D8-80A6-4604-ABED-984CFC82BE6F}.Debug|Any CPU.Build.0 = Debug|Any CPU
		{FF5F31D8-80A6-4604-ABED-984CFC82BE6F}.Release|Any CPU.ActiveCfg = Release|Any CPU
		{FF5F31D8-80A6-4604-ABED-984CFC82BE6F}.Release|Any CPU.Build.0 = Release|Any CPU
	EndGlobalSection
	GlobalSection(SolutionProperties) = preSolution
		HideSolutionNode = FALSE
	EndGlobalSection
	GlobalSection(ExtensibilityGlobals) = postSolution
		SolutionGuid = {0AAE6CA3-FB38-4054-90A6-7C9CD9396D44}
	EndGlobalSection
EndGlobal
