Microsoft Visual Studio Solution File, Format Version 12.00
# Visual Studio Version 17
VisualStudioVersion = 17.13.35818.85
MinimumVisualStudioVersion = 10.0.40219.1
Project("{FAE04EC0-301F-11D3-BF4B-00C04F79EFBC}") = "WSBInvestmentPredictor.Prediction.Domain", "src\Prediction\WSBInvestmentPredictor.Prediction.Domain\WSBInvestmentPredictor.Prediction.Domain.csproj", "{452ECC78-E777-45E3-B4B8-BE7B00E01D23}"
EndProject
Project("{FAE04EC0-301F-11D3-BF4B-00C04F79EFBC}") = "WSBInvestmentPredictor.Prediction.API", "src\Prediction\WSBInvestmentPredictor.Prediction.API\WSBInvestmentPredictor.Prediction.API.csproj", "{ED886E9B-0759-4434-B81C-D56BBD13A728}"
EndProject
Project("{2150E333-8FDC-42A3-9474-1A3956D46DE8}") = "src", "src", "{02EA681E-C7D8-13C7-8484-4AC65E1B71E8}"
EndProject
Project("{2150E333-8FDC-42A3-9474-1A3956D46DE8}") = "tests", "tests", "{BCCD3350-5B09-4C89-A123-42183D595B3C}"
EndProject
Project("{FAE04EC0-301F-11D3-BF4B-00C04F79EFBC}") = "WSBInvestmentPredictor.Prediction.UnitTests", "tests\Prediction\WSBInvestmentPredictor.Prediction.Tests\WSBInvestmentPredictor.Prediction.UnitTests.csproj", "{7A04EF5E-FFB2-4192-8E56-1B4A22D84B19}"
EndProject
Project("{FAE04EC0-301F-11D3-BF4B-00C04F79EFBC}") = "WSBInvestmentPredictor.Prediction.Application", "src\Prediction\WSBInvestmentPredictor.Prediction.Application\WSBInvestmentPredictor.Prediction.Application.csproj", "{CF0D3785-D342-5C54-87B4-152F7F2AC43F}"
EndProject
Project("{FAE04EC0-301F-11D3-BF4B-00C04F79EFBC}") = "WSBInvestmentPredictor.Prediction.Infrastructure", "src\Prediction\WSBInvestmentPredictor.Prediction.Infrastructure\WSBInvestmentPredictor.Prediction.Infrastructure.csproj", "{2571408C-11D0-A49E-0407-D5DA58AA5C66}"
EndProject
Project("{FAE04EC0-301F-11D3-BF4B-00C04F79EFBC}") = "WSBInvestmentPredictor.Prediction.InternalShared", "src\Prediction\WSBInvestmentPredictor.Prediction.InternalShared\WSBInvestmentPredictor.Prediction.InternalShared.csproj", "{51D4C94A-12B4-5660-4B0A-BB291A52AB1B}"
EndProject
Project("{2150E333-8FDC-42A3-9474-1A3956D46DE8}") = "Prediction", "Prediction", "{AC4BAC04-8A99-4D1D-AC19-4C1B79FF0DF8}"
EndProject
Project("{2150E333-8FDC-42A3-9474-1A3956D46DE8}") = "Technology", "Technology", "{31C1F6CB-A5A0-44C1-A56C-23E22814B55A}"
EndProject
Project("{FAE04EC0-301F-11D3-BF4B-00C04F79EFBC}") = "WSBInvestmentPredictor.Technology", "..\Shared\src\Technology\WSBInvestmentPredictor.Technology\WSBInvestmentPredictor.Technology.csproj", "{1CC8B147-A257-25C1-D70D-C0CB3BE3DB3D}"
EndProject
Project("{FAE04EC0-301F-11D3-BF4B-00C04F79EFBC}") = "WSBInvestmentPredictor.Prediction.Shared", "..\Shared\src\WSBInvestmentPredictor.Prediction.Shared\WSBInvestmentPredictor.Prediction.Shared.csproj", "{90DFAACE-AC6E-4C80-841E-C4D3035C063C}"
EndProject
Global
	GlobalSection(SolutionConfigurationPlatforms) = preSolution
		Debug|Any CPU = Debug|Any CPU
		Release|Any CPU = Release|Any CPU
	EndGlobalSection
	GlobalSection(ProjectConfigurationPlatforms) = postSolution
		{452ECC78-E777-45E3-B4B8-BE7B00E01D23}.Debug|Any CPU.ActiveCfg = Debug|Any CPU
		{452ECC78-E777-45E3-B4B8-BE7B00E01D23}.Debug|Any CPU.Build.0 = Debug|Any CPU
		{452ECC78-E777-45E3-B4B8-BE7B00E01D23}.Release|Any CPU.ActiveCfg = Release|Any CPU
		{452ECC78-E777-45E3-B4B8-BE7B00E01D23}.Release|Any CPU.Build.0 = Release|Any CPU
		{ED886E9B-0759-4434-B81C-D56BBD13A728}.Debug|Any CPU.ActiveCfg = Debug|Any CPU
		{ED886E9B-0759-4434-B81C-D56BBD13A728}.Debug|Any CPU.Build.0 = Debug|Any CPU
		{ED886E9B-0759-4434-B81C-D56BBD13A728}.Release|Any CPU.ActiveCfg = Release|Any CPU
		{ED886E9B-0759-4434-B81C-D56BBD13A728}.Release|Any CPU.Build.0 = Release|Any CPU
		{7A04EF5E-FFB2-4192-8E56-1B4A22D84B19}.Debug|Any CPU.ActiveCfg = Debug|Any CPU
		{7A04EF5E-FFB2-4192-8E56-1B4A22D84B19}.Debug|Any CPU.Build.0 = Debug|Any CPU
		{7A04EF5E-FFB2-4192-8E56-1B4A22D84B19}.Release|Any CPU.ActiveCfg = Release|Any CPU
		{7A04EF5E-FFB2-4192-8E56-1B4A22D84B19}.Release|Any CPU.Build.0 = Release|Any CPU
		{CF0D3785-D342-5C54-87B4-152F7F2AC43F}.Debug|Any CPU.ActiveCfg = Debug|Any CPU
		{CF0D3785-D342-5C54-87B4-152F7F2AC43F}.Debug|Any CPU.Build.0 = Debug|Any CPU
		{CF0D3785-D342-5C54-87B4-152F7F2AC43F}.Release|Any CPU.ActiveCfg = Release|Any CPU
		{CF0D3785-D342-5C54-87B4-152F7F2AC43F}.Release|Any CPU.Build.0 = Release|Any CPU
		{2571408C-11D0-A49E-0407-D5DA58AA5C66}.Debug|Any CPU.ActiveCfg = Debug|Any CPU
		{2571408C-11D0-A49E-0407-D5DA58AA5C66}.Debug|Any CPU.Build.0 = Debug|Any CPU
		{2571408C-11D0-A49E-0407-D5DA58AA5C66}.Release|Any CPU.ActiveCfg = Release|Any CPU
		{2571408C-11D0-A49E-0407-D5DA58AA5C66}.Release|Any CPU.Build.0 = Release|Any CPU
		{51D4C94A-12B4-5660-4B0A-BB291A52AB1B}.Debug|Any CPU.ActiveCfg = Debug|Any CPU
		{51D4C94A-12B4-5660-4B0A-BB291A52AB1B}.Debug|Any CPU.Build.0 = Debug|Any CPU
		{51D4C94A-12B4-5660-4B0A-BB291A52AB1B}.Release|Any CPU.ActiveCfg = Release|Any CPU
		{51D4C94A-12B4-5660-4B0A-BB291A52AB1B}.Release|Any CPU.Build.0 = Release|Any CPU
		{1CC8B147-A257-25C1-D70D-C0CB3BE3DB3D}.Debug|Any CPU.ActiveCfg = Debug|Any CPU
		{1CC8B147-A257-25C1-D70D-C0CB3BE3DB3D}.Debug|Any CPU.Build.0 = Debug|Any CPU
		{1CC8B147-A257-25C1-D70D-C0CB3BE3DB3D}.Release|Any CPU.ActiveCfg = Release|Any CPU
		{1CC8B147-A257-25C1-D70D-C0CB3BE3DB3D}.Release|Any CPU.Build.0 = Release|Any CPU
		{90DFAACE-AC6E-4C80-841E-C4D3035C063C}.Debug|Any CPU.ActiveCfg = Debug|Any CPU
		{90DFAACE-AC6E-4C80-841E-C4D3035C063C}.Debug|Any CPU.Build.0 = Debug|Any CPU
		{90DFAACE-AC6E-4C80-841E-C4D3035C063C}.Release|Any CPU.ActiveCfg = Release|Any CPU
		{90DFAACE-AC6E-4C80-841E-C4D3035C063C}.Release|Any CPU.Build.0 = Release|Any CPU
	EndGlobalSection
	GlobalSection(SolutionProperties) = preSolution
		HideSolutionNode = FALSE
	EndGlobalSection
	GlobalSection(NestedProjects) = preSolution
		{452ECC78-E777-45E3-B4B8-BE7B00E01D23} = {AC4BAC04-8A99-4D1D-AC19-4C1B79FF0DF8}
		{ED886E9B-0759-4434-B81C-D56BBD13A728} = {AC4BAC04-8A99-4D1D-AC19-4C1B79FF0DF8}
		{7A04EF5E-FFB2-4192-8E56-1B4A22D84B19} = {BCCD3350-5B09-4C89-A123-42183D595B3C}
		{CF0D3785-D342-5C54-87B4-152F7F2AC43F} = {AC4BAC04-8A99-4D1D-AC19-4C1B79FF0DF8}
		{2571408C-11D0-A49E-0407-D5DA58AA5C66} = {AC4BAC04-8A99-4D1D-AC19-4C1B79FF0DF8}
		{51D4C94A-12B4-5660-4B0A-BB291A52AB1B} = {AC4BAC04-8A99-4D1D-AC19-4C1B79FF0DF8}
		{AC4BAC04-8A99-4D1D-AC19-4C1B79FF0DF8} = {02EA681E-C7D8-13C7-8484-4AC65E1B71E8}
		{31C1F6CB-A5A0-44C1-A56C-23E22814B55A} = {02EA681E-C7D8-13C7-8484-4AC65E1B71E8}
		{1CC8B147-A257-25C1-D70D-C0CB3BE3DB3D} = {31C1F6CB-A5A0-44C1-A56C-23E22814B55A}
		{90DFAACE-AC6E-4C80-841E-C4D3035C063C} = {AC4BAC04-8A99-4D1D-AC19-4C1B79FF0DF8}
	EndGlobalSection
	GlobalSection(ExtensibilityGlobals) = postSolution
		SolutionGuid = {ED2868BD-5262-4A04-8899-824093D68F0B}
	EndGlobalSection
EndGlobal
