Microsoft Visual Studio Solution File, Format Version 12.00
# Visual Studio Version 17
VisualStudioVersion = 17.13.35818.85
MinimumVisualStudioVersion = 10.0.40219.1
Project("{FAE04EC0-301F-11D3-BF4B-00C04F79EFBC}") = "WSBInvestmentPredictor.Prediction.Domain", "src\Prediction\WSBInvestmentPredictor.Prediction.Domain\WSBInvestmentPredictor.Prediction.Domain.csproj", "{452ECC78-E777-45E3-B4B8-BE7B00E01D23}"
EndProject
Project("{2150E333-8FDC-42A3-9474-1A3956D46DE8}") = "src", "src", "{02EA681E-C7D8-13C7-8484-4AC65E1B71E8}"
EndProject
Project("{2150E333-8FDC-42A3-9474-1A3956D46DE8}") = "tests", "tests", "{BCCD3350-5B09-4C89-A123-42183D595B3C}"
EndProject
Project("{FAE04EC0-301F-11D3-BF4B-00C04F79EFBC}") = "WSBInvestmentPredictor.Prediction.UnitTests", "tests\Prediction\WSBInvestmentPredictor.Prediction.Tests\WSBInvestmentPredictor.Prediction.UnitTests.csproj", "{7A04EF5E-FFB2-4192-8E56-1B4A22D84B19}"
EndProject
Project("{FAE04EC0-301F-11D3-BF4B-00C04F79EFBC}") = "WSBInvestmentPredictor.Prediction.Application", "src\Prediction\WSBInvestmentPredictor.Prediction.Application\WSBInvestmentPredictor.Prediction.Application.csproj", "{CF0D3785-D342-5C54-87B4-152F7F2AC43F}"
EndProject
Project("{FAE04EC0-301F-11D3-BF4B-00C04F79EFBC}") = "WSBInvestmentPredictor.Prediction.Infrastructure", "src\Prediction\WSBInvestmentPredictor.Prediction.Infrastructure\WSBInvestmentPredictor.Prediction.Infrastructure.csproj", "{2571408C-11D0-A49E-0407-D5DA58AA5C66}"
EndProject
Project("{FAE04EC0-301F-11D3-BF4B-00C04F79EFBC}") = "WSBInvestmentPredictor.Prediction.InternalShared", "src\Prediction\WSBInvestmentPredictor.Prediction.InternalShared\WSBInvestmentPredictor.Prediction.InternalShared.csproj", "{51D4C94A-12B4-5660-4B0A-BB291A52AB1B}"
EndProject
Project("{2150E333-8FDC-42A3-9474-1A3956D46DE8}") = "Prediction", "Prediction", "{AC4BAC04-8A99-4D1D-AC19-4C1B79FF0DF8}"
EndProject
Project("{2150E333-8FDC-42A3-9474-1A3956D46DE8}") = "Technology", "Technology", "{31C1F6CB-A5A0-44C1-A56C-23E22814B55A}"
EndProject
Project("{FAE04EC0-301F-11D3-BF4B-00C04F79EFBC}") = "WSBInvestmentPredictor.Technology", "..\Shared\src\Technology\WSBInvestmentPredictor.Technology\WSBInvestmentPredictor.Technology.csproj", "{1CC8B147-A257-25C1-D70D-C0CB3BE3DB3D}"
EndProject
Project("{FAE04EC0-301F-11D3-BF4B-00C04F79EFBC}") = "WSBInvestmentPredictor.Prediction.Shared", "..\Shared\src\WSBInvestmentPredictor.Prediction.Shared\WSBInvestmentPredictor.Prediction.Shared.csproj", "{90DFAACE-AC6E-4C80-841E-C4D3035C063C}"
EndProject
Project("{FAE04EC0-301F-11D3-BF4B-00C04F79EFBC}") = "WSBInvestmentPredictor.Technology.UnitTests", "tests\Technology\WSBInvestmentPredictor.Technology.UnitTests\WSBInvestmentPredictor.Technology.UnitTests.csproj", "{0C6BDA29-C5C1-4FF7-9977-A55C74D79526}"
EndProject
Project("{FAE04EC0-301F-11D3-BF4B-00C04F79EFBC}") = "WSBInvestmentPredictor.Prediction.IntegrationTests", "tests\Prediction\WSBInvestmentPredictor.Prediction.IntegrationTests\WSBInvestmentPredictor.Prediction.IntegrationTests.csproj", "{69F33C6A-7A60-4B16-8A69-0A7ACCA16D0A}"
EndProject
Project("{2150E333-8FDC-42A3-9474-1A3956D46DE8}") = "Expenses", "Expenses", "{03D4A20B-77FB-416A-8CE3-1322D428E7A0}"
EndProject
Project("{FAE04EC0-301F-11D3-BF4B-00C04F79EFBC}") = "WSBInvestmentPredictor.Expenses.Application", "src\Expenses\WSBInvestmentPredictor.Expenses.Application\WSBInvestmentPredictor.Expenses.Application.csproj", "{B723C211-EAC1-4217-9BDB-964DEABD9470}"
EndProject
Project("{FAE04EC0-301F-11D3-BF4B-00C04F79EFBC}") = "WSBInvestmentPredictor.Expenses.Domain", "src\Expenses\WSBInvestmentPredictor.Expenses.Domain\WSBInvestmentPredictor.Expenses.Domain.csproj", "{694DF0C1-9624-4378-9E6E-CC05C8498D49}"
EndProject
Project("{FAE04EC0-301F-11D3-BF4B-00C04F79EFBC}") = "WSBInvestmentPredictor.Expenses.Infrastructure", "src\Expenses\WSBInvestmentPredictor.Expenses.Infrastructure\WSBInvestmentPredictor.Expenses.Infrastructure.csproj", "{AA82C10D-2EBD-4128-B56E-61F310381218}"
EndProject
Project("{FAE04EC0-301F-11D3-BF4B-00C04F79EFBC}") = "WSBInvestmentPredictor.Expenses.InternalShared", "src\Expenses\WSBInvestmentPredictor.Expenses.InternalShared\WSBInvestmentPredictor.Expenses.InternalShared.csproj", "{8C99D532-16C4-4C6E-8CE6-E45BDCB7FD8C}"
EndProject
Project("{FAE04EC0-301F-11D3-BF4B-00C04F79EFBC}") = "WSBInvestmentPredictor.Expenses.Shared", "..\Shared\src\WSBInvestmentPredictor.Expenses.Shared\WSBInvestmentPredictor.Expenses.Shared.csproj", "{91E747E2-2597-4422-8E7A-AE1919A23F40}"
EndProject
Project("{FAE04EC0-301F-11D3-BF4B-00C04F79EFBC}") = "WSBInvestmentPredictor.Backend.API", "src\WSBInvestmentPredictor.Backend.API\WSBInvestmentPredictor.Backend.API.csproj", "{8E0C1011-9AA3-4B87-97D5-D3E80F7D4C4E}"
EndProject
Project("{FAE04EC0-301F-11D3-BF4B-00C04F79EFBC}") = "WSBInvestmentPredictor.Expenses.UnitTests", "tests\Expenses\WSBInvestmentPredictor.Expenses.UnitTests\WSBInvestmentPredictor.Expenses.UnitTests.csproj", "{BB37BCA0-DEBC-5BE6-4EDD-485CEB2908AC}"
EndProject
Project("{2150E333-8FDC-42A3-9474-1A3956D46DE8}") = "Expenses", "Expenses", "{8D666F67-9986-4BE1-9E75-8A500696169F}"
EndProject
Project("{FAE04EC0-301F-11D3-BF4B-00C04F79EFBC}") = "WSBInvestmentPredictor.Expenses.IntegrationTests", "tests\Expenses\WSBInvestmentPredictor.Expenses.IntegrationTests\WSBInvestmentPredictor.Expenses.IntegrationTests.csproj", "{92E190D4-EA07-B347-4355-49014A9EAA15}"
EndProject
Project("{2150E333-8FDC-42A3-9474-1A3956D46DE8}") = "Technology", "Technology", "{27AB5C21-641C-4D31-86DD-4F44D553713E}"
EndProject
Project("{2150E333-8FDC-42A3-9474-1A3956D46DE8}") = "Prediction", "Prediction", "{DB61A151-1CB7-4428-80B1-808E583D2115}"
EndProject
Global
	GlobalSection(SolutionConfigurationPlatforms) = preSolution
		Debug|Any CPU = Debug|Any CPU
		Release|Any CPU = Release|Any CPU
	EndGlobalSection
	GlobalSection(ProjectConfigurationPlatforms) = postSolution
		{452ECC78-E777-45E3-B4B8-BE7B00E01D23}.Debug|Any CPU.ActiveCfg = Debug|Any CPU
		{452ECC78-E777-45E3-B4B8-BE7B00E01D23}.Debug|Any CPU.Build.0 = Debug|Any CPU
		{452ECC78-E777-45E3-B4B8-BE7B00E01D23}.Release|Any CPU.ActiveCfg = Release|Any CPU
		{452ECC78-E777-45E3-B4B8-BE7B00E01D23}.Release|Any CPU.Build.0 = Release|Any CPU
		{7A04EF5E-FFB2-4192-8E56-1B4A22D84B19}.Debug|Any CPU.ActiveCfg = Debug|Any CPU
		{7A04EF5E-FFB2-4192-8E56-1B4A22D84B19}.Debug|Any CPU.Build.0 = Debug|Any CPU
		{7A04EF5E-FFB2-4192-8E56-1B4A22D84B19}.Release|Any CPU.ActiveCfg = Release|Any CPU
		{7A04EF5E-FFB2-4192-8E56-1B4A22D84B19}.Release|Any CPU.Build.0 = Release|Any CPU
		{CF0D3785-D342-5C54-87B4-152F7F2AC43F}.Debug|Any CPU.ActiveCfg = Debug|Any CPU
		{CF0D3785-D342-5C54-87B4-152F7F2AC43F}.Debug|Any CPU.Build.0 = Debug|Any CPU
		{CF0D3785-D342-5C54-87B4-152F7F2AC43F}.Release|Any CPU.ActiveCfg = Release|Any CPU
		{CF0D3785-D342-5C54-87B4-152F7F2AC43F}.Release|Any CPU.Build.0 = Release|Any CPU
		{2571408C-11D0-A49E-0407-D5DA58AA5C66}.Debug|Any CPU.ActiveCfg = Debug|Any CPU
		{2571408C-11D0-A49E-0407-D5DA58AA5C66}.Debug|Any CPU.Build.0 = Debug|Any CPU
		{2571408C-11D0-A49E-0407-D5DA58AA5C66}.Release|Any CPU.ActiveCfg = Release|Any CPU
		{2571408C-11D0-A49E-0407-D5DA58AA5C66}.Release|Any CPU.Build.0 = Release|Any CPU
		{51D4C94A-12B4-5660-4B0A-BB291A52AB1B}.Debug|Any CPU.ActiveCfg = Debug|Any CPU
		{51D4C94A-12B4-5660-4B0A-BB291A52AB1B}.Debug|Any CPU.Build.0 = Debug|Any CPU
		{51D4C94A-12B4-5660-4B0A-BB291A52AB1B}.Release|Any CPU.ActiveCfg = Release|Any CPU
		{51D4C94A-12B4-5660-4B0A-BB291A52AB1B}.Release|Any CPU.Build.0 = Release|Any CPU
		{1CC8B147-A257-25C1-D70D-C0CB3BE3DB3D}.Debug|Any CPU.ActiveCfg = Debug|Any CPU
		{1CC8B147-A257-25C1-D70D-C0CB3BE3DB3D}.Debug|Any CPU.Build.0 = Debug|Any CPU
		{1CC8B147-A257-25C1-D70D-C0CB3BE3DB3D}.Release|Any CPU.ActiveCfg = Release|Any CPU
		{1CC8B147-A257-25C1-D70D-C0CB3BE3DB3D}.Release|Any CPU.Build.0 = Release|Any CPU
		{90DFAACE-AC6E-4C80-841E-C4D3035C063C}.Debug|Any CPU.ActiveCfg = Debug|Any CPU
		{90DFAACE-AC6E-4C80-841E-C4D3035C063C}.Debug|Any CPU.Build.0 = Debug|Any CPU
		{90DFAACE-AC6E-4C80-841E-C4D3035C063C}.Release|Any CPU.ActiveCfg = Release|Any CPU
		{90DFAACE-AC6E-4C80-841E-C4D3035C063C}.Release|Any CPU.Build.0 = Release|Any CPU
		{0C6BDA29-C5C1-4FF7-9977-A55C74D79526}.Debug|Any CPU.ActiveCfg = Debug|Any CPU
		{0C6BDA29-C5C1-4FF7-9977-A55C74D79526}.Debug|Any CPU.Build.0 = Debug|Any CPU
		{0C6BDA29-C5C1-4FF7-9977-A55C74D79526}.Release|Any CPU.ActiveCfg = Release|Any CPU
		{0C6BDA29-C5C1-4FF7-9977-A55C74D79526}.Release|Any CPU.Build.0 = Release|Any CPU
		{69F33C6A-7A60-4B16-8A69-0A7ACCA16D0A}.Debug|Any CPU.ActiveCfg = Debug|Any CPU
		{69F33C6A-7A60-4B16-8A69-0A7ACCA16D0A}.Debug|Any CPU.Build.0 = Debug|Any CPU
		{69F33C6A-7A60-4B16-8A69-0A7ACCA16D0A}.Release|Any CPU.ActiveCfg = Release|Any CPU
		{69F33C6A-7A60-4B16-8A69-0A7ACCA16D0A}.Release|Any CPU.Build.0 = Release|Any CPU
		{B723C211-EAC1-4217-9BDB-964DEABD9470}.Debug|Any CPU.ActiveCfg = Debug|Any CPU
		{B723C211-EAC1-4217-9BDB-964DEABD9470}.Debug|Any CPU.Build.0 = Debug|Any CPU
		{B723C211-EAC1-4217-9BDB-964DEABD9470}.Release|Any CPU.ActiveCfg = Release|Any CPU
		{B723C211-EAC1-4217-9BDB-964DEABD9470}.Release|Any CPU.Build.0 = Release|Any CPU
		{694DF0C1-9624-4378-9E6E-CC05C8498D49}.Debug|Any CPU.ActiveCfg = Debug|Any CPU
		{694DF0C1-9624-4378-9E6E-CC05C8498D49}.Debug|Any CPU.Build.0 = Debug|Any CPU
		{694DF0C1-9624-4378-9E6E-CC05C8498D49}.Release|Any CPU.ActiveCfg = Release|Any CPU
		{694DF0C1-9624-4378-9E6E-CC05C8498D49}.Release|Any CPU.Build.0 = Release|Any CPU
		{AA82C10D-2EBD-4128-B56E-61F310381218}.Debug|Any CPU.ActiveCfg = Debug|Any CPU
		{AA82C10D-2EBD-4128-B56E-61F310381218}.Debug|Any CPU.Build.0 = Debug|Any CPU
		{AA82C10D-2EBD-4128-B56E-61F310381218}.Release|Any CPU.ActiveCfg = Release|Any CPU
		{AA82C10D-2EBD-4128-B56E-61F310381218}.Release|Any CPU.Build.0 = Release|Any CPU
		{8C99D532-16C4-4C6E-8CE6-E45BDCB7FD8C}.Debug|Any CPU.ActiveCfg = Debug|Any CPU
		{8C99D532-16C4-4C6E-8CE6-E45BDCB7FD8C}.Debug|Any CPU.Build.0 = Debug|Any CPU
		{8C99D532-16C4-4C6E-8CE6-E45BDCB7FD8C}.Release|Any CPU.ActiveCfg = Release|Any CPU
		{8C99D532-16C4-4C6E-8CE6-E45BDCB7FD8C}.Release|Any CPU.Build.0 = Release|Any CPU
		{91E747E2-2597-4422-8E7A-AE1919A23F40}.Debug|Any CPU.ActiveCfg = Debug|Any CPU
		{91E747E2-2597-4422-8E7A-AE1919A23F40}.Debug|Any CPU.Build.0 = Debug|Any CPU
		{91E747E2-2597-4422-8E7A-AE1919A23F40}.Release|Any CPU.ActiveCfg = Release|Any CPU
		{91E747E2-2597-4422-8E7A-AE1919A23F40}.Release|Any CPU.Build.0 = Release|Any CPU
		{8E0C1011-9AA3-4B87-97D5-D3E80F7D4C4E}.Debug|Any CPU.ActiveCfg = Debug|Any CPU
		{8E0C1011-9AA3-4B87-97D5-D3E80F7D4C4E}.Debug|Any CPU.Build.0 = Debug|Any CPU
		{8E0C1011-9AA3-4B87-97D5-D3E80F7D4C4E}.Release|Any CPU.ActiveCfg = Release|Any CPU
		{8E0C1011-9AA3-4B87-97D5-D3E80F7D4C4E}.Release|Any CPU.Build.0 = Release|Any CPU
		{BB37BCA0-DEBC-5BE6-4EDD-485CEB2908AC}.Debug|Any CPU.ActiveCfg = Debug|Any CPU
		{BB37BCA0-DEBC-5BE6-4EDD-485CEB2908AC}.Debug|Any CPU.Build.0 = Debug|Any CPU
		{BB37BCA0-DEBC-5BE6-4EDD-485CEB2908AC}.Release|Any CPU.ActiveCfg = Release|Any CPU
		{BB37BCA0-DEBC-5BE6-4EDD-485CEB2908AC}.Release|Any CPU.Build.0 = Release|Any CPU
		{92E190D4-EA07-B347-4355-49014A9EAA15}.Debug|Any CPU.ActiveCfg = Debug|Any CPU
		{92E190D4-EA07-B347-4355-49014A9EAA15}.Debug|Any CPU.Build.0 = Debug|Any CPU
		{92E190D4-EA07-B347-4355-49014A9EAA15}.Release|Any CPU.ActiveCfg = Release|Any CPU
		{92E190D4-EA07-B347-4355-49014A9EAA15}.Release|Any CPU.Build.0 = Release|Any CPU
	EndGlobalSection
	GlobalSection(SolutionProperties) = preSolution
		HideSolutionNode = FALSE
	EndGlobalSection
	GlobalSection(NestedProjects) = preSolution
		{452ECC78-E777-45E3-B4B8-BE7B00E01D23} = {AC4BAC04-8A99-4D1D-AC19-4C1B79FF0DF8}
		{7A04EF5E-FFB2-4192-8E56-1B4A22D84B19} = {DB61A151-1CB7-4428-80B1-808E583D2115}
		{CF0D3785-D342-5C54-87B4-152F7F2AC43F} = {AC4BAC04-8A99-4D1D-AC19-4C1B79FF0DF8}
		{2571408C-11D0-A49E-0407-D5DA58AA5C66} = {AC4BAC04-8A99-4D1D-AC19-4C1B79FF0DF8}
		{51D4C94A-12B4-5660-4B0A-BB291A52AB1B} = {AC4BAC04-8A99-4D1D-AC19-4C1B79FF0DF8}
		{AC4BAC04-8A99-4D1D-AC19-4C1B79FF0DF8} = {02EA681E-C7D8-13C7-8484-4AC65E1B71E8}
		{31C1F6CB-A5A0-44C1-A56C-23E22814B55A} = {02EA681E-C7D8-13C7-8484-4AC65E1B71E8}
		{1CC8B147-A257-25C1-D70D-C0CB3BE3DB3D} = {31C1F6CB-A5A0-44C1-A56C-23E22814B55A}
		{90DFAACE-AC6E-4C80-841E-C4D3035C063C} = {AC4BAC04-8A99-4D1D-AC19-4C1B79FF0DF8}
		{0C6BDA29-C5C1-4FF7-9977-A55C74D79526} = {27AB5C21-641C-4D31-86DD-4F44D553713E}
		{69F33C6A-7A60-4B16-8A69-0A7ACCA16D0A} = {DB61A151-1CB7-4428-80B1-808E583D2115}
		{03D4A20B-77FB-416A-8CE3-1322D428E7A0} = {02EA681E-C7D8-13C7-8484-4AC65E1B71E8}
		{B723C211-EAC1-4217-9BDB-964DEABD9470} = {03D4A20B-77FB-416A-8CE3-1322D428E7A0}
		{694DF0C1-9624-4378-9E6E-CC05C8498D49} = {03D4A20B-77FB-416A-8CE3-1322D428E7A0}
		{AA82C10D-2EBD-4128-B56E-61F310381218} = {03D4A20B-77FB-416A-8CE3-1322D428E7A0}
		{8C99D532-16C4-4C6E-8CE6-E45BDCB7FD8C} = {03D4A20B-77FB-416A-8CE3-1322D428E7A0}
		{91E747E2-2597-4422-8E7A-AE1919A23F40} = {03D4A20B-77FB-416A-8CE3-1322D428E7A0}
		{8E0C1011-9AA3-4B87-97D5-D3E80F7D4C4E} = {02EA681E-C7D8-13C7-8484-4AC65E1B71E8}
		{BB37BCA0-DEBC-5BE6-4EDD-485CEB2908AC} = {8D666F67-9986-4BE1-9E75-8A500696169F}
		{8D666F67-9986-4BE1-9E75-8A500696169F} = {BCCD3350-5B09-4C89-A123-42183D595B3C}
		{92E190D4-EA07-B347-4355-49014A9EAA15} = {8D666F67-9986-4BE1-9E75-8A500696169F}
		{27AB5C21-641C-4D31-86DD-4F44D553713E} = {BCCD3350-5B09-4C89-A123-42183D595B3C}
		{DB61A151-1CB7-4428-80B1-808E583D2115} = {BCCD3350-5B09-4C89-A123-42183D595B3C}
	EndGlobalSection
	GlobalSection(ExtensibilityGlobals) = postSolution
		SolutionGuid = {ED2868BD-5262-4A04-8899-824093D68F0B}
	EndGlobalSection
EndGlobal
